
Microsoft Visual Studio Solution File, Format Version 12.00
# Visual Studio Version 17
VisualStudioVersion = 17.3.32901.215
MinimumVisualStudioVersion = 10.0.40219.1
Project("{9A19103F-16F7-4668-BE54-9A1E7A4F7556}") = "Khalti_Payment_Demo", "Khalti Payment Demo\Khalti_Payment_Demo.csproj", "{0DF8D175-C3FB-4B21-B83E-92C19D4976DA}"
EndProject
Global
	GlobalSection(SolutionConfigurationPlatforms) = preSolution
		Debug|Any CPU = Debug|Any CPU
		Release|Any CPU = Release|Any CPU
	EndGlobalSection
	GlobalSection(ProjectConfigurationPlatforms) = postSolution
		{0DF8D175-C3FB-4B21-B83E-92C19D4976DA}.Debug|Any CPU.ActiveCfg = Debug|Any CPU
		{0DF8D175-C3FB-4B21-B83E-92C19D4976DA}.Debug|Any CPU.Build.0 = Debug|Any CPU
		{0DF8D175-C3FB-4B21-B83E-92C19D4976DA}.Release|Any CPU.ActiveCfg = Release|Any CPU
		{0DF8D175-C3FB-4B21-B83E-92C19D4976DA}.Release|Any CPU.Build.0 = Release|Any CPU
	EndGlobalSection
	GlobalSection(SolutionProperties) = preSolution
		HideSolutionNode = FALSE
	EndGlobalSection
	GlobalSection(ExtensibilityGlobals) = postSolution
		SolutionGuid = {92773CEB-C316-426B-A45A-61F0C0B87188}
	EndGlobalSection
EndGlobal
